{
  "name": "example",
  "version": "1.0.0",
  "lockfileVersion": 1,
  "requires": true,
  "dependencies": {
    "serverless-termination-protection": {
      "version": "1.0.0",
      "resolved": "https://registry.npmjs.org/serverless-termination-protection/-/serverless-termination-protection-1.0.0.tgz",
      "integrity": "sha512-LgOYiu12q1XHV1WdHaAJTuiJBfed7Zt5B7scLpIEknwjbUIITIvS+BUHjTh9khnwvvhxtSrH2TB9uobV0/NGuA==",
      "dev": true
    }
  }
}
